
Microsoft Visual Studio Solution File, Format Version 12.00
# Visual Studio 15
VisualStudioVersion = 15.0.28307.779
MinimumVisualStudioVersion = 10.0.40219.1
Project("{FAE04EC0-301F-11D3-BF4B-00C04F79EFBC}") = "Ejercicio_01", "Ejercicio_01\Ejercicio_01.csproj", "{E983E701-6773-4D32-9EBA-AB9475570785}"
EndProject
Project("{FAE04EC0-301F-11D3-BF4B-00C04F79EFBC}") = "Ejercicio_02", "Ejercicio_02\Ejercicio_02.csproj", "{22337C7A-C8CE-42AB-9315-34364F8D71C6}"
EndProject
Project("{FAE04EC0-301F-11D3-BF4B-00C04F79EFBC}") = "Ejercicio_03", "Ejercicio_03\Ejercicio_03.csproj", "{FA5A5968-2E5D-4F8B-9EAB-554ADA7310F5}"
EndProject
Project("{FAE04EC0-301F-11D3-BF4B-00C04F79EFBC}") = "Clase_02", "Clase_02\Clase_02.csproj", "{46144B55-529C-4355-852C-3596EC2C2C17}"
EndProject
Project("{FAE04EC0-301F-11D3-BF4B-00C04F79EFBC}") = "MiLibreria", "MiLibreria\MiLibreria.csproj", "{46D3D0EA-2B2A-4424-9C4C-E16961155368}"
EndProject
Project("{FAE04EC0-301F-11D3-BF4B-00C04F79EFBC}") = "Clase_02.Entidades", "Clase_02.Entidades\Clase_02.Entidades.csproj", "{BF57A482-1DD8-4C92-B4F1-2A37125686F7}"
EndProject
Project("{FAE04EC0-301F-11D3-BF4B-00C04F79EFBC}") = "Ejercicio_11", "Ejercicio_11\Ejercicio_11.csproj", "{3E867357-519F-4E04-9991-E8AFF1B42D1B}"
EndProject
Project("{FAE04EC0-301F-11D3-BF4B-00C04F79EFBC}") = "Ejercicio_12", "Ejercicio_12\Ejercicio_12.csproj", "{FBABA88A-4438-460B-A19D-1AFFDB892F56}"
EndProject
Project("{FAE04EC0-301F-11D3-BF4B-00C04F79EFBC}") = "Ejercicio_13", "Ejercicio_13\Ejercicio_13.csproj", "{F8F0525C-1F3F-43E5-8EA7-729D80E5991C}"
EndProject
Project("{FAE04EC0-301F-11D3-BF4B-00C04F79EFBC}") = "Ejercicio_15", "Ejercicio_15\Ejercicio_15.csproj", "{8504300B-6923-4D92-93F7-E9D833528139}"
EndProject
Project("{FAE04EC0-301F-11D3-BF4B-00C04F79EFBC}") = "Clase_03", "Clase_03\Clase_03.csproj", "{1BD2A172-5917-44D3-A35E-0A1D45C41DEC}"
EndProject
Project("{FAE04EC0-301F-11D3-BF4B-00C04F79EFBC}") = "Ejercicio_16", "Ejercicio_16\Ejercicio_16.csproj", "{A3847730-724B-4CD6-ACA3-8041A464854C}"
EndProject
Project("{FAE04EC0-301F-11D3-BF4B-00C04F79EFBC}") = "Ejercicio_17", "Ejercicio_17\Ejercicio_17.csproj", "{32A71DE3-E9FA-4DDB-94A7-F8E83850591F}"
EndProject
Project("{FAE04EC0-301F-11D3-BF4B-00C04F79EFBC}") = "Clase_04", "Clase_04\Clase_04.csproj", "{BDADE933-AAF3-4660-AF54-A0DE76B3627C}"
EndProject
Project("{FAE04EC0-301F-11D3-BF4B-00C04F79EFBC}") = "Clase_04.Entidades", "Clase__04.Entidades\Clase_04.Entidades.csproj", "{AB514453-D9E2-441E-8083-BB215B20DD8D}"
EndProject
Project("{FAE04EC0-301F-11D3-BF4B-00C04F79EFBC}") = "Clase_04.WindowsForm", "Clase_04.WindowsForm\Clase_04.WindowsForm.csproj", "{3F666EC2-1580-4369-A747-6530594CCE79}"
EndProject
Global
	GlobalSection(SolutionConfigurationPlatforms) = preSolution
		Debug|Any CPU = Debug|Any CPU
		Release|Any CPU = Release|Any CPU
	EndGlobalSection
	GlobalSection(ProjectConfigurationPlatforms) = postSolution
		{E983E701-6773-4D32-9EBA-AB9475570785}.Debug|Any CPU.ActiveCfg = Debug|Any CPU
		{E983E701-6773-4D32-9EBA-AB9475570785}.Debug|Any CPU.Build.0 = Debug|Any CPU
		{E983E701-6773-4D32-9EBA-AB9475570785}.Release|Any CPU.ActiveCfg = Release|Any CPU
		{E983E701-6773-4D32-9EBA-AB9475570785}.Release|Any CPU.Build.0 = Release|Any CPU
		{22337C7A-C8CE-42AB-9315-34364F8D71C6}.Debug|Any CPU.ActiveCfg = Debug|Any CPU
		{22337C7A-C8CE-42AB-9315-34364F8D71C6}.Debug|Any CPU.Build.0 = Debug|Any CPU
		{22337C7A-C8CE-42AB-9315-34364F8D71C6}.Release|Any CPU.ActiveCfg = Release|Any CPU
		{22337C7A-C8CE-42AB-9315-34364F8D71C6}.Release|Any CPU.Build.0 = Release|Any CPU
		{FA5A5968-2E5D-4F8B-9EAB-554ADA7310F5}.Debug|Any CPU.ActiveCfg = Debug|Any CPU
		{FA5A5968-2E5D-4F8B-9EAB-554ADA7310F5}.Debug|Any CPU.Build.0 = Debug|Any CPU
		{FA5A5968-2E5D-4F8B-9EAB-554ADA7310F5}.Release|Any CPU.ActiveCfg = Release|Any CPU
		{FA5A5968-2E5D-4F8B-9EAB-554ADA7310F5}.Release|Any CPU.Build.0 = Release|Any CPU
		{46144B55-529C-4355-852C-3596EC2C2C17}.Debug|Any CPU.ActiveCfg = Debug|Any CPU
		{46144B55-529C-4355-852C-3596EC2C2C17}.Debug|Any CPU.Build.0 = Debug|Any CPU
		{46144B55-529C-4355-852C-3596EC2C2C17}.Release|Any CPU.ActiveCfg = Release|Any CPU
		{46144B55-529C-4355-852C-3596EC2C2C17}.Release|Any CPU.Build.0 = Release|Any CPU
		{46D3D0EA-2B2A-4424-9C4C-E16961155368}.Debug|Any CPU.ActiveCfg = Debug|Any CPU
		{46D3D0EA-2B2A-4424-9C4C-E16961155368}.Debug|Any CPU.Build.0 = Debug|Any CPU
		{46D3D0EA-2B2A-4424-9C4C-E16961155368}.Release|Any CPU.ActiveCfg = Release|Any CPU
		{46D3D0EA-2B2A-4424-9C4C-E16961155368}.Release|Any CPU.Build.0 = Release|Any CPU
		{BF57A482-1DD8-4C92-B4F1-2A37125686F7}.Debug|Any CPU.ActiveCfg = Debug|Any CPU
		{BF57A482-1DD8-4C92-B4F1-2A37125686F7}.Debug|Any CPU.Build.0 = Debug|Any CPU
		{BF57A482-1DD8-4C92-B4F1-2A37125686F7}.Release|Any CPU.ActiveCfg = Release|Any CPU
		{BF57A482-1DD8-4C92-B4F1-2A37125686F7}.Release|Any CPU.Build.0 = Release|Any CPU
		{3E867357-519F-4E04-9991-E8AFF1B42D1B}.Debug|Any CPU.ActiveCfg = Debug|Any CPU
		{3E867357-519F-4E04-9991-E8AFF1B42D1B}.Debug|Any CPU.Build.0 = Debug|Any CPU
		{3E867357-519F-4E04-9991-E8AFF1B42D1B}.Release|Any CPU.ActiveCfg = Release|Any CPU
		{3E867357-519F-4E04-9991-E8AFF1B42D1B}.Release|Any CPU.Build.0 = Release|Any CPU
		{FBABA88A-4438-460B-A19D-1AFFDB892F56}.Debug|Any CPU.ActiveCfg = Debug|Any CPU
		{FBABA88A-4438-460B-A19D-1AFFDB892F56}.Debug|Any CPU.Build.0 = Debug|Any CPU
		{FBABA88A-4438-460B-A19D-1AFFDB892F56}.Release|Any CPU.ActiveCfg = Release|Any CPU
		{FBABA88A-4438-460B-A19D-1AFFDB892F56}.Release|Any CPU.Build.0 = Release|Any CPU
		{F8F0525C-1F3F-43E5-8EA7-729D80E5991C}.Debug|Any CPU.ActiveCfg = Debug|Any CPU
		{F8F0525C-1F3F-43E5-8EA7-729D80E5991C}.Debug|Any CPU.Build.0 = Debug|Any CPU
		{F8F0525C-1F3F-43E5-8EA7-729D80E5991C}.Release|Any CPU.ActiveCfg = Release|Any CPU
		{F8F0525C-1F3F-43E5-8EA7-729D80E5991C}.Release|Any CPU.Build.0 = Release|Any CPU
		{8504300B-6923-4D92-93F7-E9D833528139}.Debug|Any CPU.ActiveCfg = Debug|Any CPU
		{8504300B-6923-4D92-93F7-E9D833528139}.Debug|Any CPU.Build.0 = Debug|Any CPU
		{8504300B-6923-4D92-93F7-E9D833528139}.Release|Any CPU.ActiveCfg = Release|Any CPU
		{8504300B-6923-4D92-93F7-E9D833528139}.Release|Any CPU.Build.0 = Release|Any CPU
		{1BD2A172-5917-44D3-A35E-0A1D45C41DEC}.Debug|Any CPU.ActiveCfg = Debug|Any CPU
		{1BD2A172-5917-44D3-A35E-0A1D45C41DEC}.Debug|Any CPU.Build.0 = Debug|Any CPU
		{1BD2A172-5917-44D3-A35E-0A1D45C41DEC}.Release|Any CPU.ActiveCfg = Release|Any CPU
		{1BD2A172-5917-44D3-A35E-0A1D45C41DEC}.Release|Any CPU.Build.0 = Release|Any CPU
		{A3847730-724B-4CD6-ACA3-8041A464854C}.Debug|Any CPU.ActiveCfg = Debug|Any CPU
		{A3847730-724B-4CD6-ACA3-8041A464854C}.Debug|Any CPU.Build.0 = Debug|Any CPU
		{A3847730-724B-4CD6-ACA3-8041A464854C}.Release|Any CPU.ActiveCfg = Release|Any CPU
		{A3847730-724B-4CD6-ACA3-8041A464854C}.Release|Any CPU.Build.0 = Release|Any CPU
		{32A71DE3-E9FA-4DDB-94A7-F8E83850591F}.Debug|Any CPU.ActiveCfg = Debug|Any CPU
		{32A71DE3-E9FA-4DDB-94A7-F8E83850591F}.Debug|Any CPU.Build.0 = Debug|Any CPU
		{32A71DE3-E9FA-4DDB-94A7-F8E83850591F}.Release|Any CPU.ActiveCfg = Release|Any CPU
		{32A71DE3-E9FA-4DDB-94A7-F8E83850591F}.Release|Any CPU.Build.0 = Release|Any CPU
		{BDADE933-AAF3-4660-AF54-A0DE76B3627C}.Debug|Any CPU.ActiveCfg = Debug|Any CPU
		{BDADE933-AAF3-4660-AF54-A0DE76B3627C}.Debug|Any CPU.Build.0 = Debug|Any CPU
		{BDADE933-AAF3-4660-AF54-A0DE76B3627C}.Release|Any CPU.ActiveCfg = Release|Any CPU
		{BDADE933-AAF3-4660-AF54-A0DE76B3627C}.Release|Any CPU.Build.0 = Release|Any CPU
		{AB514453-D9E2-441E-8083-BB215B20DD8D}.Debug|Any CPU.ActiveCfg = Debug|Any CPU
		{AB514453-D9E2-441E-8083-BB215B20DD8D}.Debug|Any CPU.Build.0 = Debug|Any CPU
		{AB514453-D9E2-441E-8083-BB215B20DD8D}.Release|Any CPU.ActiveCfg = Release|Any CPU
		{AB514453-D9E2-441E-8083-BB215B20DD8D}.Release|Any CPU.Build.0 = Release|Any CPU
		{3F666EC2-1580-4369-A747-6530594CCE79}.Debug|Any CPU.ActiveCfg = Debug|Any CPU
		{3F666EC2-1580-4369-A747-6530594CCE79}.Debug|Any CPU.Build.0 = Debug|Any CPU
		{3F666EC2-1580-4369-A747-6530594CCE79}.Release|Any CPU.ActiveCfg = Release|Any CPU
		{3F666EC2-1580-4369-A747-6530594CCE79}.Release|Any CPU.Build.0 = Release|Any CPU
	EndGlobalSection
	GlobalSection(SolutionProperties) = preSolution
		HideSolutionNode = FALSE
	EndGlobalSection
	GlobalSection(ExtensibilityGlobals) = postSolution
		SolutionGuid = {8A16BEC0-B9AE-4453-BF40-3957B5385731}
	EndGlobalSection
EndGlobal
